
Microsoft Visual Studio Solution File, Format Version 12.00
# Visual Studio Version 17
VisualStudioVersion = 17.8.34330.188
MinimumVisualStudioVersion = 10.0.40219.1
Project("{FAE04EC0-301F-11D3-BF4B-00C04F79EFBC}") = "WebAPIWithReactProject.Server", "WebAPIWithReactProject.Server\WebAPIWithReactProject.Server.csproj", "{35B10776-AEFE-415A-BBAD-33F3C2520770}"
EndProject
Project("{54A90642-561A-4BB1-A94E-469ADEE60C69}") = "webapiwithreactproject.client", "webapiwithreactproject.client\webapiwithreactproject.client.esproj", "{4F0ABED1-62E3-4475-9F09-B8AC72099DC2}"
EndProject
Global
	GlobalSection(SolutionConfigurationPlatforms) = preSolution
		Debug|Any CPU = Debug|Any CPU
		Release|Any CPU = Release|Any CPU
	EndGlobalSection
	GlobalSection(ProjectConfigurationPlatforms) = postSolution
		{35B10776-AEFE-415A-BBAD-33F3C2520770}.Debug|Any CPU.ActiveCfg = Debug|Any CPU
		{35B10776-AEFE-415A-BBAD-33F3C2520770}.Debug|Any CPU.Build.0 = Debug|Any CPU
		{35B10776-AEFE-415A-BBAD-33F3C2520770}.Release|Any CPU.ActiveCfg = Release|Any CPU
		{35B10776-AEFE-415A-BBAD-33F3C2520770}.Release|Any CPU.Build.0 = Release|Any CPU
		{4F0ABED1-62E3-4475-9F09-B8AC72099DC2}.Debug|Any CPU.ActiveCfg = Debug|Any CPU
		{4F0ABED1-62E3-4475-9F09-B8AC72099DC2}.Debug|Any CPU.Build.0 = Debug|Any CPU
		{4F0ABED1-62E3-4475-9F09-B8AC72099DC2}.Debug|Any CPU.Deploy.0 = Debug|Any CPU
		{4F0ABED1-62E3-4475-9F09-B8AC72099DC2}.Release|Any CPU.ActiveCfg = Release|Any CPU
		{4F0ABED1-62E3-4475-9F09-B8AC72099DC2}.Release|Any CPU.Build.0 = Release|Any CPU
		{4F0ABED1-62E3-4475-9F09-B8AC72099DC2}.Release|Any CPU.Deploy.0 = Release|Any CPU
	EndGlobalSection
	GlobalSection(SolutionProperties) = preSolution
		HideSolutionNode = FALSE
	EndGlobalSection
	GlobalSection(ExtensibilityGlobals) = postSolution
		SolutionGuid = {3CA282A1-F9C7-4775-AA79-6D7BAC363FA7}
	EndGlobalSection
EndGlobal
